// !$*UTF8*$!
{
	archiveVersion = 1;
	classes = {
	};
	objectVersion = 50;
	objects = {

/* Begin PBXFileReference section */
		8CC8AD332590E5730082E5FC /* conjunction.py */ = {isa = PBXFileReference; lastKnownFileType = text.script.python; path = conjunction.py; sourceTree = "<group>"; };
/* End PBXFileReference section */

/* Begin PBXGroup section */
		8CC8AD2C2590E5130082E5FC = {
			isa = PBXGroup;
			children = (
				8CC8AD332590E5730082E5FC /* conjunction.py */,
			);
			sourceTree = "<group>";
		};
/* End PBXGroup section */

/* Begin PBXProject section */
		8CC8AD2D2590E5130082E5FC /* Project object */ = {
			isa = PBXProject;
			attributes = {
				LastUpgradeCheck = 1220;
			};
			buildConfigurationList = 8CC8AD302590E5130082E5FC /* Build configuration list for PBXProject "Ephemeris" */;
			compatibilityVersion = "Xcode 9.3";
			developmentRegion = en;
			hasScannedForEncodings = 0;
			knownRegions = (
				en,
				Base,
			);
			mainGroup = 8CC8AD2C2590E5130082E5FC;
			projectDirPath = "";
			projectRoot = "";
			targets = (
			);
		};
/* End PBXProject section */

/* Begin XCBuildConfiguration section */
		8CC8AD312590E5130082E5FC /* Debug */ = {
			isa = XCBuildConfiguration;
			buildSettings = {
			};
			name = Debug;
		};
		8CC8AD322590E5130082E5FC /* Release */ = {
			isa = XCBuildConfiguration;
			buildSettings = {
			};
			name = Release;
		};
/* End XCBuildConfiguration section */

/* Begin XCConfigurationList section */
		8CC8AD302590E5130082E5FC /* Build configuration list for PBXProject "Ephemeris" */ = {
			isa = XCConfigurationList;
			buildConfigurations = (
				8CC8AD312590E5130082E5FC /* Debug */,
				8CC8AD322590E5130082E5FC /* Release */,
			);
			defaultConfigurationIsVisible = 0;
			defaultConfigurationName = Release;
		};
/* End XCConfigurationList section */
	};
	rootObject = 8CC8AD2D2590E5130082E5FC /* Project object */;
}
